{
  "version": 4,
  "terraform_version": "1.9.5",
  "serial": 19,
  "lineage": "3e5e7471-1b9b-e0a9-370f-9457cae032a4",
  "outputs": {},
  "resources": [
    {
      "mode": "managed",
      "type": "cloudlab_vlan",
      "name": "my_cloudlab_vlan",
      "provider": "provider[\"registry.terraform.io/pgrigo01/cloudlab\"]",
      "instances": [
        {
          "schema_version": 0,
          "attributes": {
            "name": "vlan-test",
            "subnet_mask": "255.255.255.0"
          },
          "sensitive_attributes": []
        }
      ]
    },
    {
      "mode": "managed",
      "type": "cloudlab_vm",
      "name": "my_vm3",
      "provider": "provider[\"registry.terraform.io/pgrigo01/cloudlab\"]",
      "instances": [
        {
          "schema_version": 0,
          "attributes": {
            "aggregate": "Any",
            "image": "UBUNTU 20.04",
            "name": "vmtest8",
            "routable_ip": true,
            "uuid": "91a5d329-efcc-11ef-af1a-e4434b2381fc",
            "vlans": null
          },
          "sensitive_attributes": []
        }
      ]
    }
  ],
  "check_results": null
}
